<?xml version="1.0" encoding="utf-8"?>
<Project ToolsVersion="4.0" xmlns="http://schemas.microsoft.com/developer/msbuild/2003">
  <ItemGroup>
    <Filter Include="Utils">
      <UniqueIdentifier>{4FC737F1-C7A5-4376-A066-2A32D752A2FF}</UniqueIdentifier>
      <Extensions>cpp;c;cc;cxx;c++;cppm;ixx;def;odl;idl;hpj;bat;asm;asmx</Extensions>
    </Filter>
    <Filter Include="Client">
      <UniqueIdentifier>{ad44beca-1ece-418c-ae3c-178775eabc0e}</UniqueIdentifier>
    </Filter>
    <Filter Include="Resources">
      <UniqueIdentifier>{ed074b2b-405e-4782-8084-e6878f762cca}</UniqueIdentifier>
    </Filter>
  </ItemGroup>
  <ItemGroup>
    <ClCompile Include="pch.cpp">
      <Filter>Utils</Filter>
    </ClCompile>
    <ClCompile Include="Font.cpp">
      <Filter>Utils</Filter>
    </ClCompile>
    <ClCompile Include="GameTimer.cpp">
      <Filter>Utils</Filter>
    </ClCompile>
    <ClCompile Include="GeometryGenerator.cpp">
      <Filter>Utils</Filter>
    </ClCompile>
    <ClCompile Include="main.cpp">
      <Filter>Utils</Filter>
    </ClCompile>
    <ClCompile Include="Renderer.cpp">
      <Filter>Utils</Filter>
    </ClCompile>
    <ClCompile Include="Utils.cpp">
      <Filter>Utils</Filter>
    </ClCompile>
    <ClCompile Include="Camera.cpp">
      <Filter>Utils</Filter>
    </ClCompile>
    <ClCompile Include="DDSTextureLoader.cpp">
      <Filter>Utils</Filter>
    </ClCompile>
    <ClCompile Include="FrameResource.cpp">
      <Filter>Client</Filter>
    </ClCompile>
  </ItemGroup>
  <ItemGroup>
    <ClInclude Include="pch.h">
      <Filter>Utils</Filter>
    </ClInclude>
    <ClInclude Include="Font.h">
      <Filter>Utils</Filter>
    </ClInclude>
    <ClInclude Include="GameTimer.h">
      <Filter>Utils</Filter>
    </ClInclude>
    <ClInclude Include="GeometryGenerator.h">
      <Filter>Utils</Filter>
    </ClInclude>
    <ClInclude Include="Renderer.h">
      <Filter>Utils</Filter>
    </ClInclude>
    <ClInclude Include="UploadBuffer.h">
      <Filter>Utils</Filter>
    </ClInclude>
    <ClInclude Include="Utils.h">
      <Filter>Utils</Filter>
    </ClInclude>
    <ClInclude Include="Camera.h">
      <Filter>Utils</Filter>
    </ClInclude>
    <ClInclude Include="DDSTextureLoader.h">
      <Filter>Utils</Filter>
    </ClInclude>
    <ClInclude Include="d3dx12.h">
      <Filter>Utils</Filter>
    </ClInclude>
    <ClInclude Include="FrameResource.h">
      <Filter>Client</Filter>
    </ClInclude>
    <ClInclude Include="RigidBodySim.h">
      <Filter>Client</Filter>
    </ClInclude>
  </ItemGroup>
  <ItemGroup>
    <Text Include="Resources\fontdata.txt">
      <Filter>Resources</Filter>
    </Text>
  </ItemGroup>
  <ItemGroup>
    <FxCompile Include="Resources\OpaqueShader.hlsl">
      <Filter>Resources</Filter>
    </FxCompile>
    <FxCompile Include="Resources\TextShader.hlsl">
      <Filter>Resources</Filter>
    </FxCompile>
  </ItemGroup>
  <ItemGroup>
    <Image Include="Resources\text.png">
      <Filter>Resources</Filter>
    </Image>
    <Image Include="Resources\wood.png">
      <Filter>Resources</Filter>
    </Image>
  </ItemGroup>
</Project>