<?xml version="1.0" encoding="utf-8"?>
<Project ToolsVersion="4.0" xmlns="http://schemas.microsoft.com/developer/msbuild/2003">
  <ItemGroup>
    <Filter Include="Utils">
      <UniqueIdentifier>{4FC737F1-C7A5-4376-A066-2A32D752A2FF}</UniqueIdentifier>
      <Extensions>cpp;c;cc;cxx;c++;cppm;ixx;def;odl;idl;hpj;bat;asm;asmx</Extensions>
    </Filter>
    <Filter Include="Math">
      <UniqueIdentifier>{0ed20c80-bd39-4a1b-94f6-d5e57557b0c0}</UniqueIdentifier>
    </Filter>
    <Filter Include="Dynamic">
      <UniqueIdentifier>{2f5c8961-4ceb-48b8-bac3-f1ed151066ec}</UniqueIdentifier>
    </Filter>
  </ItemGroup>
  <ItemGroup>
    <ClCompile Include="pch.cpp">
      <Filter>Utils</Filter>
    </ClCompile>
    <ClCompile Include="Math.cpp">
      <Filter>Math</Filter>
    </ClCompile>
    <ClCompile Include="Vector3.cpp">
      <Filter>Math</Filter>
    </ClCompile>
    <ClCompile Include="Quaternion.cpp">
      <Filter>Math</Filter>
    </ClCompile>
    <ClCompile Include="Matrix3.cpp">
      <Filter>Math</Filter>
    </ClCompile>
    <ClCompile Include="Matrix4.cpp">
      <Filter>Math</Filter>
    </ClCompile>
    <ClCompile Include="DynamicPch.cpp">
      <Filter>Utils</Filter>
    </ClCompile>
    <ClCompile Include="Dynamic.cpp">
      <Filter>Dynamic</Filter>
    </ClCompile>
  </ItemGroup>
  <ItemGroup>
    <ClInclude Include="pch.h">
      <Filter>Utils</Filter>
    </ClInclude>
    <ClInclude Include="Math.h">
      <Filter>Math</Filter>
    </ClInclude>
    <ClInclude Include="Vector3.h">
      <Filter>Math</Filter>
    </ClInclude>
    <ClInclude Include="Quaternion.h">
      <Filter>Math</Filter>
    </ClInclude>
    <ClInclude Include="Matrix3.h">
      <Filter>Math</Filter>
    </ClInclude>
    <ClInclude Include="Matrix4.h">
      <Filter>Math</Filter>
    </ClInclude>
    <ClInclude Include="DynamicPch.h">
      <Filter>Utils</Filter>
    </ClInclude>
    <ClInclude Include="Dynamic.h">
      <Filter>Dynamic</Filter>
    </ClInclude>
  </ItemGroup>
</Project>