<?xml version="1.0" encoding="utf-8"?>
<Project ToolsVersion="4.0" xmlns="http://schemas.microsoft.com/developer/msbuild/2003">
  <ItemGroup>
    <Filter Include="Utils">
      <UniqueIdentifier>{4FC737F1-C7A5-4376-A066-2A32D752A2FF}</UniqueIdentifier>
      <Extensions>cpp;c;cc;cxx;c++;cppm;ixx;def;odl;idl;hpj;bat;asm;asmx</Extensions>
    </Filter>
    <Filter Include="Dependencies">
      <UniqueIdentifier>{72b8cd0c-4251-46e2-b026-02a5fb9690f9}</UniqueIdentifier>
    </Filter>
    <Filter Include="Dependencies\Bin">
      <UniqueIdentifier>{cac27a3e-5bbf-47b3-8f67-e7d76ab65dde}</UniqueIdentifier>
    </Filter>
    <Filter Include="Dependencies\Lib">
      <UniqueIdentifier>{7681cf8e-a166-4e16-834c-da06739712d7}</UniqueIdentifier>
    </Filter>
    <Filter Include="Dependencies\Includes">
      <UniqueIdentifier>{45424ced-7ea2-4264-99d5-e8654db14166}</UniqueIdentifier>
    </Filter>
    <Filter Include="Rendering">
      <UniqueIdentifier>{1d7a0e38-482a-46c9-8675-5d9abaab4ab6}</UniqueIdentifier>
    </Filter>
  </ItemGroup>
  <ItemGroup>
    <ClInclude Include="pch.h">
      <Filter>Utils</Filter>
    </ClInclude>
    <ClInclude Include="GL\freeglut.h">
      <Filter>Dependencies\Includes</Filter>
    </ClInclude>
    <ClInclude Include="GL\freeglut_ext.h">
      <Filter>Dependencies\Includes</Filter>
    </ClInclude>
    <ClInclude Include="GL\freeglut_std.h">
      <Filter>Dependencies\Includes</Filter>
    </ClInclude>
    <ClInclude Include="GL\glut.h">
      <Filter>Dependencies\Includes</Filter>
    </ClInclude>
    <ClInclude Include="Client.h">
      <Filter>Utils</Filter>
    </ClInclude>
    <ClInclude Include="Renderer.h">
      <Filter>Rendering</Filter>
    </ClInclude>
    <ClInclude Include="GameTimer.h">
      <Filter>Utils</Filter>
    </ClInclude>
  </ItemGroup>
  <ItemGroup>
    <ClCompile Include="pch.cpp">
      <Filter>Utils</Filter>
    </ClCompile>
    <ClCompile Include="Client.cpp">
      <Filter>Utils</Filter>
    </ClCompile>
    <ClCompile Include="Renderer.cpp">
      <Filter>Rendering</Filter>
    </ClCompile>
    <ClCompile Include="GameTimer.cpp">
      <Filter>Utils</Filter>
    </ClCompile>
  </ItemGroup>
  <ItemGroup>
    <Library Include="freeglut.lib">
      <Filter>Dependencies\Lib</Filter>
    </Library>
  </ItemGroup>
  <ItemGroup>
    <None Include="freeglut.dll">
      <Filter>Dependencies\Bin</Filter>
    </None>
  </ItemGroup>
</Project>